
Microsoft Visual Studio Solution File, Format Version 12.00
# Visual Studio 14
VisualStudioVersion = 14.0.25420.1
MinimumVisualStudioVersion = 10.0.40219.1
Project("{FAE04EC0-301F-11D3-BF4B-00C04F79EFBC}") = "01.OddOrEven", "01.OddOrEven\01.OddOrEven.csproj", "{516F189C-1058-443B-BFDB-384BD79BA3A9}"
EndProject
Project("{FAE04EC0-301F-11D3-BF4B-00C04F79EFBC}") = "02.MoonGravity", "02.MoonGravity\02.MoonGravity.csproj", "{FB460684-AE82-4E43-8376-3F50B82DA053}"
EndProject
Project("{FAE04EC0-301F-11D3-BF4B-00C04F79EFBC}") = "03.DivideBy7_5", "03.DivideBy7_5\03.DivideBy7_5.csproj", "{1A0EDC6B-7B08-414B-8321-61100F002E3D}"
EndProject
Project("{FAE04EC0-301F-11D3-BF4B-00C04F79EFBC}") = "04.Rectangles", "04.Rectangles\04.Rectangles.csproj", "{1DDFD223-4C87-4F36-B1EA-E09006F9C0F6}"
EndProject
Project("{FAE04EC0-301F-11D3-BF4B-00C04F79EFBC}") = "05.ThirdDigit", "05.ThirdDigit\05.ThirdDigit.csproj", "{9FAF0B23-DE39-4927-8233-DE80AEA32B06}"
EndProject
Project("{FAE04EC0-301F-11D3-BF4B-00C04F79EFBC}") = "06.FourDigits", "06.FourDigits\06.FourDigits.csproj", "{9138F7DD-0083-43CA-839F-9FF4BF3E5076}"
EndProject
Project("{FAE04EC0-301F-11D3-BF4B-00C04F79EFBC}") = "07.PointInACircle", "PointInACircle\07.PointInACircle.csproj", "{B3A33EF7-DE37-4903-944A-6A2D19765F65}"
EndProject
Project("{FAE04EC0-301F-11D3-BF4B-00C04F79EFBC}") = "08.PrimeCheck", "PrimeCheck\08.PrimeCheck.csproj", "{8159A970-F7A3-4A7F-BF87-A12BE6AE2E28}"
EndProject
Project("{FAE04EC0-301F-11D3-BF4B-00C04F79EFBC}") = "09,Trapezoids", "Trapezoids\09,Trapezoids.csproj", "{12A1C656-D0A4-4785-850D-94AA9978B29C}"
EndProject
Project("{FAE04EC0-301F-11D3-BF4B-00C04F79EFBC}") = "10.PointCircleRectangle", "PointCircleRectangle\10.PointCircleRectangle.csproj", "{697839F0-07D6-4769-89A7-688429D349FE}"
EndProject
Project("{FAE04EC0-301F-11D3-BF4B-00C04F79EFBC}") = "11.3rdBit", "3rdBit\11.3rdBit.csproj", "{4F9681A0-1488-4C1B-905A-A8C9C22605C2}"
EndProject
Project("{FAE04EC0-301F-11D3-BF4B-00C04F79EFBC}") = "12.N-thBit", "N-thBit\12.N-thBit.csproj", "{2AECA266-29EC-4981-B351-3581C4653D0F}"
EndProject
Project("{FAE04EC0-301F-11D3-BF4B-00C04F79EFBC}") = "13.ModifyBit", "ModifyBit\13.ModifyBit.csproj", "{FB0E53DF-0E0F-4766-9CF9-B77DB92ABD56}"
EndProject
Project("{FAE04EC0-301F-11D3-BF4B-00C04F79EFBC}") = "14.BitExchange", "BitExchange\14.BitExchange.csproj", "{A1859343-EF89-414A-B095-52F91D700F34}"
EndProject
Project("{FAE04EC0-301F-11D3-BF4B-00C04F79EFBC}") = "15.BitSwap", "BitSwap\15.BitSwap.csproj", "{9BE389E6-9716-4DFC-B618-2EEE952940F9}"
EndProject
Global
	GlobalSection(SolutionConfigurationPlatforms) = preSolution
		Debug|Any CPU = Debug|Any CPU
		Release|Any CPU = Release|Any CPU
	EndGlobalSection
	GlobalSection(ProjectConfigurationPlatforms) = postSolution
		{516F189C-1058-443B-BFDB-384BD79BA3A9}.Debug|Any CPU.ActiveCfg = Debug|Any CPU
		{516F189C-1058-443B-BFDB-384BD79BA3A9}.Debug|Any CPU.Build.0 = Debug|Any CPU
		{516F189C-1058-443B-BFDB-384BD79BA3A9}.Release|Any CPU.ActiveCfg = Release|Any CPU
		{516F189C-1058-443B-BFDB-384BD79BA3A9}.Release|Any CPU.Build.0 = Release|Any CPU
		{FB460684-AE82-4E43-8376-3F50B82DA053}.Debug|Any CPU.ActiveCfg = Debug|Any CPU
		{FB460684-AE82-4E43-8376-3F50B82DA053}.Debug|Any CPU.Build.0 = Debug|Any CPU
		{FB460684-AE82-4E43-8376-3F50B82DA053}.Release|Any CPU.ActiveCfg = Release|Any CPU
		{FB460684-AE82-4E43-8376-3F50B82DA053}.Release|Any CPU.Build.0 = Release|Any CPU
		{1A0EDC6B-7B08-414B-8321-61100F002E3D}.Debug|Any CPU.ActiveCfg = Debug|Any CPU
		{1A0EDC6B-7B08-414B-8321-61100F002E3D}.Debug|Any CPU.Build.0 = Debug|Any CPU
		{1A0EDC6B-7B08-414B-8321-61100F002E3D}.Release|Any CPU.ActiveCfg = Release|Any CPU
		{1A0EDC6B-7B08-414B-8321-61100F002E3D}.Release|Any CPU.Build.0 = Release|Any CPU
		{1DDFD223-4C87-4F36-B1EA-E09006F9C0F6}.Debug|Any CPU.ActiveCfg = Debug|Any CPU
		{1DDFD223-4C87-4F36-B1EA-E09006F9C0F6}.Debug|Any CPU.Build.0 = Debug|Any CPU
		{1DDFD223-4C87-4F36-B1EA-E09006F9C0F6}.Release|Any CPU.ActiveCfg = Release|Any CPU
		{1DDFD223-4C87-4F36-B1EA-E09006F9C0F6}.Release|Any CPU.Build.0 = Release|Any CPU
		{9FAF0B23-DE39-4927-8233-DE80AEA32B06}.Debug|Any CPU.ActiveCfg = Debug|Any CPU
		{9FAF0B23-DE39-4927-8233-DE80AEA32B06}.Debug|Any CPU.Build.0 = Debug|Any CPU
		{9FAF0B23-DE39-4927-8233-DE80AEA32B06}.Release|Any CPU.ActiveCfg = Release|Any CPU
		{9FAF0B23-DE39-4927-8233-DE80AEA32B06}.Release|Any CPU.Build.0 = Release|Any CPU
		{9138F7DD-0083-43CA-839F-9FF4BF3E5076}.Debug|Any CPU.ActiveCfg = Debug|Any CPU
		{9138F7DD-0083-43CA-839F-9FF4BF3E5076}.Debug|Any CPU.Build.0 = Debug|Any CPU
		{9138F7DD-0083-43CA-839F-9FF4BF3E5076}.Release|Any CPU.ActiveCfg = Release|Any CPU
		{9138F7DD-0083-43CA-839F-9FF4BF3E5076}.Release|Any CPU.Build.0 = Release|Any CPU
		{B3A33EF7-DE37-4903-944A-6A2D19765F65}.Debug|Any CPU.ActiveCfg = Debug|Any CPU
		{B3A33EF7-DE37-4903-944A-6A2D19765F65}.Debug|Any CPU.Build.0 = Debug|Any CPU
		{B3A33EF7-DE37-4903-944A-6A2D19765F65}.Release|Any CPU.ActiveCfg = Release|Any CPU
		{B3A33EF7-DE37-4903-944A-6A2D19765F65}.Release|Any CPU.Build.0 = Release|Any CPU
		{8159A970-F7A3-4A7F-BF87-A12BE6AE2E28}.Debug|Any CPU.ActiveCfg = Debug|Any CPU
		{8159A970-F7A3-4A7F-BF87-A12BE6AE2E28}.Debug|Any CPU.Build.0 = Debug|Any CPU
		{8159A970-F7A3-4A7F-BF87-A12BE6AE2E28}.Release|Any CPU.ActiveCfg = Release|Any CPU
		{8159A970-F7A3-4A7F-BF87-A12BE6AE2E28}.Release|Any CPU.Build.0 = Release|Any CPU
		{12A1C656-D0A4-4785-850D-94AA9978B29C}.Debug|Any CPU.ActiveCfg = Debug|Any CPU
		{12A1C656-D0A4-4785-850D-94AA9978B29C}.Debug|Any CPU.Build.0 = Debug|Any CPU
		{12A1C656-D0A4-4785-850D-94AA9978B29C}.Release|Any CPU.ActiveCfg = Release|Any CPU
		{12A1C656-D0A4-4785-850D-94AA9978B29C}.Release|Any CPU.Build.0 = Release|Any CPU
		{697839F0-07D6-4769-89A7-688429D349FE}.Debug|Any CPU.ActiveCfg = Debug|Any CPU
		{697839F0-07D6-4769-89A7-688429D349FE}.Debug|Any CPU.Build.0 = Debug|Any CPU
		{697839F0-07D6-4769-89A7-688429D349FE}.Release|Any CPU.ActiveCfg = Release|Any CPU
		{697839F0-07D6-4769-89A7-688429D349FE}.Release|Any CPU.Build.0 = Release|Any CPU
		{4F9681A0-1488-4C1B-905A-A8C9C22605C2}.Debug|Any CPU.ActiveCfg = Debug|Any CPU
		{4F9681A0-1488-4C1B-905A-A8C9C22605C2}.Debug|Any CPU.Build.0 = Debug|Any CPU
		{4F9681A0-1488-4C1B-905A-A8C9C22605C2}.Release|Any CPU.ActiveCfg = Release|Any CPU
		{4F9681A0-1488-4C1B-905A-A8C9C22605C2}.Release|Any CPU.Build.0 = Release|Any CPU
		{2AECA266-29EC-4981-B351-3581C4653D0F}.Debug|Any CPU.ActiveCfg = Debug|Any CPU
		{2AECA266-29EC-4981-B351-3581C4653D0F}.Debug|Any CPU.Build.0 = Debug|Any CPU
		{2AECA266-29EC-4981-B351-3581C4653D0F}.Release|Any CPU.ActiveCfg = Release|Any CPU
		{2AECA266-29EC-4981-B351-3581C4653D0F}.Release|Any CPU.Build.0 = Release|Any CPU
		{FB0E53DF-0E0F-4766-9CF9-B77DB92ABD56}.Debug|Any CPU.ActiveCfg = Debug|Any CPU
		{FB0E53DF-0E0F-4766-9CF9-B77DB92ABD56}.Debug|Any CPU.Build.0 = Debug|Any CPU
		{FB0E53DF-0E0F-4766-9CF9-B77DB92ABD56}.Release|Any CPU.ActiveCfg = Release|Any CPU
		{FB0E53DF-0E0F-4766-9CF9-B77DB92ABD56}.Release|Any CPU.Build.0 = Release|Any CPU
		{A1859343-EF89-414A-B095-52F91D700F34}.Debug|Any CPU.ActiveCfg = Debug|Any CPU
		{A1859343-EF89-414A-B095-52F91D700F34}.Debug|Any CPU.Build.0 = Debug|Any CPU
		{A1859343-EF89-414A-B095-52F91D700F34}.Release|Any CPU.ActiveCfg = Release|Any CPU
		{A1859343-EF89-414A-B095-52F91D700F34}.Release|Any CPU.Build.0 = Release|Any CPU
		{9BE389E6-9716-4DFC-B618-2EEE952940F9}.Debug|Any CPU.ActiveCfg = Debug|Any CPU
		{9BE389E6-9716-4DFC-B618-2EEE952940F9}.Debug|Any CPU.Build.0 = Debug|Any CPU
		{9BE389E6-9716-4DFC-B618-2EEE952940F9}.Release|Any CPU.ActiveCfg = Release|Any CPU
		{9BE389E6-9716-4DFC-B618-2EEE952940F9}.Release|Any CPU.Build.0 = Release|Any CPU
	EndGlobalSection
	GlobalSection(SolutionProperties) = preSolution
		HideSolutionNode = FALSE
	EndGlobalSection
EndGlobal
